
Microsoft Visual Studio Solution File, Format Version 12.00
# Visual Studio Version 16
VisualStudioVersion = 16.0.30114.105
MinimumVisualStudioVersion = 10.0.40219.1
Project("{FAE04EC0-301F-11D3-BF4B-00C04F79EFBC}") = "TwoD_Matrices", "TwoD_Matrices\TwoD_Matrices.csproj", "{E3380011-F252-4307-A809-92BE8B95A812}"
EndProject
Project("{FAE04EC0-301F-11D3-BF4B-00C04F79EFBC}") = "Arrays", "..\Arrays\Arrays.csproj", "{3CA34D84-C6A3-49BB-8F37-D48C3301797C}"
EndProject
Global
	GlobalSection(SolutionConfigurationPlatforms) = preSolution
		Debug|Any CPU = Debug|Any CPU
		Release|Any CPU = Release|Any CPU
	EndGlobalSection
	GlobalSection(SolutionProperties) = preSolution
		HideSolutionNode = FALSE
	EndGlobalSection
	GlobalSection(ProjectConfigurationPlatforms) = postSolution
		{E3380011-F252-4307-A809-92BE8B95A812}.Debug|Any CPU.ActiveCfg = Debug|Any CPU
		{E3380011-F252-4307-A809-92BE8B95A812}.Debug|Any CPU.Build.0 = Debug|Any CPU
		{E3380011-F252-4307-A809-92BE8B95A812}.Release|Any CPU.ActiveCfg = Release|Any CPU
		{E3380011-F252-4307-A809-92BE8B95A812}.Release|Any CPU.Build.0 = Release|Any CPU
		{3CA34D84-C6A3-49BB-8F37-D48C3301797C}.Debug|Any CPU.ActiveCfg = Debug|Any CPU
		{3CA34D84-C6A3-49BB-8F37-D48C3301797C}.Debug|Any CPU.Build.0 = Debug|Any CPU
		{3CA34D84-C6A3-49BB-8F37-D48C3301797C}.Release|Any CPU.ActiveCfg = Release|Any CPU
		{3CA34D84-C6A3-49BB-8F37-D48C3301797C}.Release|Any CPU.Build.0 = Release|Any CPU
	EndGlobalSection
EndGlobal
